{
    "name": "skylab00000",
    "version": "1.2.0",
    "lockfileVersion": 1,
    "requires": true,
    "dependencies": {
        "my-awful-package": {
            "version": "1.0.0",
            "resolved": "https://registry.npmjs.org/my-awful-package/-/my-awful-package-1.0.0.tgz",
            "integrity": "sha512-/oClLdY5BDkCFo8sFzcoYpG6pQAmU9wb6FjpnVl1UlC43UktUXVhX3kmc7+PzQX/iWh5UEMge9mPzgD1a8j8rA=="
        }
    }
}
