{
  "name": "platano-de-canarias",
  "version": "1.0.1",
  "lockfileVersion": 1,
  "requires": true,
  "dependencies": {
    "alex-mola-en-skylab": {
      "version": "1.0.1",
      "resolved": "https://registry.npmjs.org/alex-mola-en-skylab/-/alex-mola-en-skylab-1.0.1.tgz",
      "integrity": "sha512-BdHf3UJJtW1bGa9jz9NA9BedpZeMA2RSyrAuiq6snaIV5w1NUs+WF0eQ2+as5IGV7gZt7WUeS27lbOGziL5g6A==",
      "requires": {
        "platano-de-canarias": "^1.0.0"
      }
    },
    "my-awful-package": {
      "version": "1.0.1",
      "resolved": "https://registry.npmjs.org/my-awful-package/-/my-awful-package-1.0.1.tgz",
      "integrity": "sha512-6fC32Fo/0tPtmOqGk8sg3afqAttYNmfIUJwNv1ygOQXh/XDQFRgjzkaeKtEG46Gdwgm7+raK/WAJUUjW8xMoCw==",
      "requires": {
        "skylab00000": "^1.0.0"
      }
    },
    "platano-de-canarias": {
      "version": "1.0.1",
      "resolved": "https://registry.npmjs.org/platano-de-canarias/-/platano-de-canarias-1.0.1.tgz",
      "integrity": "sha512-GCzBkq5Bo0XKTmyfZuwkE7wZ7VK7zQFOgpgeLnp5qqe/A6Q/mahBbTjekv+dCWZq4m7nF/+pl0cyRRkpXvARbA==",
      "requires": {
        "alex-mola-en-skylab": "^1.0.0",
        "my-awful-package": "^1.0.1"
      }
    },
    "skylab00000": {
      "version": "1.0.0",
      "resolved": "https://registry.npmjs.org/skylab00000/-/skylab00000-1.0.0.tgz",
      "integrity": "sha512-yJNQK8tqCmso/q39ISUaRW5+hcSZyDACZ4yOaOgPfq1jTeMg1xEjmrF8T6EbxmsSiGoYCTak9pV0moZdqrDN/w=="
    }
  }
}
