{
  "requires": true,
  "lockfileVersion": 1,
  "dependencies": {
    "pablo-npm-test": {
      "version": "1.0.0",
      "resolved": "https://registry.npmjs.org/pablo-npm-test/-/pablo-npm-test-1.0.0.tgz",
      "integrity": "sha512-fxyygo0hdo90rNsdOC/yUiHWbUpGdBJEpLYNHn8u9iVHQLNWJMK/R1kGFrYhgQBA1O55z7l1r0v+h0dJaAf1nA=="
    }
  }
}
