{
  "name": "pau-teem-player",
  "version": "1.0.0",
  "lockfileVersion": 1,
  "requires": true,
  "dependencies": {
    "pau-gallardo-pau-does-things": {
      "version": "1.0.0",
      "resolved": "https://registry.npmjs.org/pau-gallardo-pau-does-things/-/pau-gallardo-pau-does-things-1.0.0.tgz",
      "integrity": "sha512-IEcsLaMVNUdwcXpjVmqD3oqQ1yIBv+YcUFgMFsoYSwxkOcKYqaBGosnR1IQkvt3LWeTL8TGbP+ttsKqE8WEa+g=="
    }
  }
}
