{
  "name": "canify",
  "version": "1.0.2",
  "lockfileVersion": 2,
  "requires": true,
  "packages": {
    "": {
      "name": "canify",
      "version": "1.0.2",
      "license": "ISC",
      "dependencies": {
        "skylabletsfight": "^2.0.0"
      }
    },
    "node_modules/skylabletsfight": {
      "version": "2.0.0",
      "resolved": "https://registry.npmjs.org/skylabletsfight/-/skylabletsfight-2.0.0.tgz",
      "integrity": "sha512-4YE8ebbY6eDG4WDXDnOV/SUaByjY3nsZL0s9CN04xpiQzwSP6TYkEhEpnrEDEM/J3GYiUogcxG5C/ZOsBWAYSQ=="
    }
  },
  "dependencies": {
    "skylabletsfight": {
      "version": "2.0.0",
      "resolved": "https://registry.npmjs.org/skylabletsfight/-/skylabletsfight-2.0.0.tgz",
      "integrity": "sha512-4YE8ebbY6eDG4WDXDnOV/SUaByjY3nsZL0s9CN04xpiQzwSP6TYkEhEpnrEDEM/J3GYiUogcxG5C/ZOsBWAYSQ=="
    }
  }
}
